
Microsoft Visual Studio Solution File, Format Version 12.00
# Visual Studio 15
VisualStudioVersion = 15.0.28010.2036
MinimumVisualStudioVersion = 10.0.40219.1
Project("{8BC9CEB8-8B4A-11D0-8D11-00A0C91BC942}") = "A2", "A2\A2.vcxproj", "{B47502C6-4555-438D-BA65-BB47FF67CCBA}"
EndProject
Global
	GlobalSection(SolutionConfigurationPlatforms) = preSolution
		Debug|x64 = Debug|x64
		Debug|x86 = Debug|x86
		Release|x64 = Release|x64
		Release|x86 = Release|x86
	EndGlobalSection
	GlobalSection(ProjectConfigurationPlatforms) = postSolution
		{B47502C6-4555-438D-BA65-BB47FF67CCBA}.Debug|x64.ActiveCfg = Debug|x64
		{B47502C6-4555-438D-BA65-BB47FF67CCBA}.Debug|x64.Build.0 = Debug|x64
		{B47502C6-4555-438D-BA65-BB47FF67CCBA}.Debug|x86.ActiveCfg = Debug|Win32
		{B47502C6-4555-438D-BA65-BB47FF67CCBA}.Debug|x86.Build.0 = Debug|Win32
		{B47502C6-4555-438D-BA65-BB47FF67CCBA}.Release|x64.ActiveCfg = Release|x64
		{B47502C6-4555-438D-BA65-BB47FF67CCBA}.Release|x64.Build.0 = Release|x64
		{B47502C6-4555-438D-BA65-BB47FF67CCBA}.Release|x86.ActiveCfg = Release|Win32
		{B47502C6-4555-438D-BA65-BB47FF67CCBA}.Release|x86.Build.0 = Release|Win32
	EndGlobalSection
	GlobalSection(SolutionProperties) = preSolution
		HideSolutionNode = FALSE
	EndGlobalSection
	GlobalSection(ExtensibilityGlobals) = postSolution
		SolutionGuid = {305F2187-01F3-4AFE-98E5-69047BECAD24}
	EndGlobalSection
EndGlobal
